// !$*UTF8*$!
{
	archiveVersion = 1;
	classes = {
	};
	objectVersion = 56;
	objects = {

/* Begin PBXBuildFile section */
		56A2BE422B94993F006C1C24 /* AppDelegate.swift in Sources */ = {isa = PBXBuildFile; fileRef = 56A2BE412B94993F006C1C24 /* AppDelegate.swift */; };
		56A2BE442B94993F006C1C24 /* SceneDelegate.swift in Sources */ = {isa = PBXBuildFile; fileRef = 56A2BE432B94993F006C1C24 /* SceneDelegate.swift */; };
		56A2BE462B94993F006C1C24 /* ViewController.swift in Sources */ = {isa = PBXBuildFile; fileRef = 56A2BE452B94993F006C1C24 /* ViewController.swift */; };
		56A2BE492B94993F006C1C24 /* Main.storyboard in Resources */ = {isa = PBXBuildFile; fileRef = 56A2BE472B94993F006C1C24 /* Main.storyboard */; };
		56A2BE4B2B949940006C1C24 /* Assets.xcassets in Resources */ = {isa = PBXBuildFile; fileRef = 56A2BE4A2B949940006C1C24 /* Assets.xcassets */; };
		56A2BE4E2B949940006C1C24 /* LaunchScreen.storyboard in Resources */ = {isa = PBXBuildFile; fileRef = 56A2BE4C2B949940006C1C24 /* LaunchScreen.storyboard */; };
		56A2BE592B949940006C1C24 /* SaavnTests.swift in Sources */ = {isa = PBXBuildFile; fileRef = 56A2BE582B949940006C1C24 /* SaavnTests.swift */; };
		56A2BE632B949940006C1C24 /* SaavnUITests.swift in Sources */ = {isa = PBXBuildFile; fileRef = 56A2BE622B949940006C1C24 /* SaavnUITests.swift */; };
		56A2BE652B949940006C1C24 /* SaavnUITestsLaunchTests.swift in Sources */ = {isa = PBXBuildFile; fileRef = 56A2BE642B949940006C1C24 /* SaavnUITestsLaunchTests.swift */; };
		56A2BE722B949957006C1C24 /* ApiIntegration.swift in Sources */ = {isa = PBXBuildFile; fileRef = 56A2BE712B949957006C1C24 /* ApiIntegration.swift */; };
		56A2BE742B94999D006C1C24 /* Album.swift in Sources */ = {isa = PBXBuildFile; fileRef = 56A2BE732B94999D006C1C24 /* Album.swift */; };
		56A2BE772B949D5F006C1C24 /* SDWebImage in Frameworks */ = {isa = PBXBuildFile; productRef = 56A2BE762B949D5F006C1C24 /* SDWebImage */; };
		56A2BE792B949D5F006C1C24 /* SDWebImageMapKit in Frameworks */ = {isa = PBXBuildFile; productRef = 56A2BE782B949D5F006C1C24 /* SDWebImageMapKit */; };
/* End PBXBuildFile section */

/* Begin PBXContainerItemProxy section */
		56A2BE552B949940006C1C24 /* PBXContainerItemProxy */ = {
			isa = PBXContainerItemProxy;
			containerPortal = 56A2BE362B94993F006C1C24 /* Project object */;
			proxyType = 1;
			remoteGlobalIDString = 56A2BE3D2B94993F006C1C24;
			remoteInfo = Saavn;
		};
		56A2BE5F2B949940006C1C24 /* PBXContainerItemProxy */ = {
			isa = PBXContainerItemProxy;
			containerPortal = 56A2BE362B94993F006C1C24 /* Project object */;
			proxyType = 1;
			remoteGlobalIDString = 56A2BE3D2B94993F006C1C24;
			remoteInfo = Saavn;
		};
/* End PBXContainerItemProxy section */

/* Begin PBXFileReference section */
		56A2BE3E2B94993F006C1C24 /* Saavn.app */ = {isa = PBXFileReference; explicitFileType = wrapper.application; includeInIndex = 0; path = Saavn.app; sourceTree = BUILT_PRODUCTS_DIR; };
		56A2BE412B94993F006C1C24 /* AppDelegate.swift */ = {isa = PBXFileReference; lastKnownFileType = sourcecode.swift; path = AppDelegate.swift; sourceTree = "<group>"; };
		56A2BE432B94993F006C1C24 /* SceneDelegate.swift */ = {isa = PBXFileReference; lastKnownFileType = sourcecode.swift; path = SceneDelegate.swift; sourceTree = "<group>"; };
		56A2BE452B94993F006C1C24 /* ViewController.swift */ = {isa = PBXFileReference; lastKnownFileType = sourcecode.swift; path = ViewController.swift; sourceTree = "<group>"; };
		56A2BE482B94993F006C1C24 /* Base */ = {isa = PBXFileReference; lastKnownFileType = file.storyboard; name = Base; path = Base.lproj/Main.storyboard; sourceTree = "<group>"; };
		56A2BE4A2B949940006C1C24 /* Assets.xcassets */ = {isa = PBXFileReference; lastKnownFileType = folder.assetcatalog; path = Assets.xcassets; sourceTree = "<group>"; };
		56A2BE4D2B949940006C1C24 /* Base */ = {isa = PBXFileReference; lastKnownFileType = file.storyboard; name = Base; path = Base.lproj/LaunchScreen.storyboard; sourceTree = "<group>"; };
		56A2BE4F2B949940006C1C24 /* Info.plist */ = {isa = PBXFileReference; lastKnownFileType = text.plist.xml; path = Info.plist; sourceTree = "<group>"; };
		56A2BE542B949940006C1C24 /* SaavnTests.xctest */ = {isa = PBXFileReference; explicitFileType = wrapper.cfbundle; includeInIndex = 0; path = SaavnTests.xctest; sourceTree = BUILT_PRODUCTS_DIR; };
		56A2BE582B949940006C1C24 /* SaavnTests.swift */ = {isa = PBXFileReference; lastKnownFileType = sourcecode.swift; path = SaavnTests.swift; sourceTree = "<group>"; };
		56A2BE5E2B949940006C1C24 /* SaavnUITests.xctest */ = {isa = PBXFileReference; explicitFileType = wrapper.cfbundle; includeInIndex = 0; path = SaavnUITests.xctest; sourceTree = BUILT_PRODUCTS_DIR; };
		56A2BE622B949940006C1C24 /* SaavnUITests.swift */ = {isa = PBXFileReference; lastKnownFileType = sourcecode.swift; path = SaavnUITests.swift; sourceTree = "<group>"; };
		56A2BE642B949940006C1C24 /* SaavnUITestsLaunchTests.swift */ = {isa = PBXFileReference; lastKnownFileType = sourcecode.swift; path = SaavnUITestsLaunchTests.swift; sourceTree = "<group>"; };
		56A2BE712B949957006C1C24 /* ApiIntegration.swift */ = {isa = PBXFileReference; lastKnownFileType = sourcecode.swift; path = ApiIntegration.swift; sourceTree = "<group>"; };
		56A2BE732B94999D006C1C24 /* Album.swift */ = {isa = PBXFileReference; lastKnownFileType = sourcecode.swift; path = Album.swift; sourceTree = "<group>"; };
/* End PBXFileReference section */

/* Begin PBXFrameworksBuildPhase section */
		56A2BE3B2B94993F006C1C24 /* Frameworks */ = {
			isa = PBXFrameworksBuildPhase;
			buildActionMask = 2147483647;
			files = (
				56A2BE792B949D5F006C1C24 /* SDWebImageMapKit in Frameworks */,
				56A2BE772B949D5F006C1C24 /* SDWebImage in Frameworks */,
			);
			runOnlyForDeploymentPostprocessing = 0;
		};
		56A2BE512B949940006C1C24 /* Frameworks */ = {
			isa = PBXFrameworksBuildPhase;
			buildActionMask = 2147483647;
			files = (
			);
			runOnlyForDeploymentPostprocessing = 0;
		};
		56A2BE5B2B949940006C1C24 /* Frameworks */ = {
			isa = PBXFrameworksBuildPhase;
			buildActionMask = 2147483647;
			files = (
			);
			runOnlyForDeploymentPostprocessing = 0;
		};
/* End PBXFrameworksBuildPhase section */

/* Begin PBXGroup section */
		56A2BE352B94993F006C1C24 = {
			isa = PBXGroup;
			children = (
				56A2BE402B94993F006C1C24 /* Saavn */,
				56A2BE572B949940006C1C24 /* SaavnTests */,
				56A2BE612B949940006C1C24 /* SaavnUITests */,
				56A2BE3F2B94993F006C1C24 /* Products */,
			);
			sourceTree = "<group>";
		};
		56A2BE3F2B94993F006C1C24 /* Products */ = {
			isa = PBXGroup;
			children = (
				56A2BE3E2B94993F006C1C24 /* Saavn.app */,
				56A2BE542B949940006C1C24 /* SaavnTests.xctest */,
				56A2BE5E2B949940006C1C24 /* SaavnUITests.xctest */,
			);
			name = Products;
			sourceTree = "<group>";
		};
		56A2BE402B94993F006C1C24 /* Saavn */ = {
			isa = PBXGroup;
			children = (
				56A2BE412B94993F006C1C24 /* AppDelegate.swift */,
				56A2BE432B94993F006C1C24 /* SceneDelegate.swift */,
				56A2BE452B94993F006C1C24 /* ViewController.swift */,
				56A2BE472B94993F006C1C24 /* Main.storyboard */,
				56A2BE4A2B949940006C1C24 /* Assets.xcassets */,
				56A2BE4C2B949940006C1C24 /* LaunchScreen.storyboard */,
				56A2BE4F2B949940006C1C24 /* Info.plist */,
				56A2BE712B949957006C1C24 /* ApiIntegration.swift */,
				56A2BE732B94999D006C1C24 /* Album.swift */,
			);
			path = Saavn;
			sourceTree = "<group>";
		};
		56A2BE572B949940006C1C24 /* SaavnTests */ = {
			isa = PBXGroup;
			children = (
				56A2BE582B949940006C1C24 /* SaavnTests.swift */,
			);
			path = SaavnTests;
			sourceTree = "<group>";
		};
		56A2BE612B949940006C1C24 /* SaavnUITests */ = {
			isa = PBXGroup;
			children = (
				56A2BE622B949940006C1C24 /* SaavnUITests.swift */,
				56A2BE642B949940006C1C24 /* SaavnUITestsLaunchTests.swift */,
			);
			path = SaavnUITests;
			sourceTree = "<group>";
		};
/* End PBXGroup section */

/* Begin PBXNativeTarget section */
		56A2BE3D2B94993F006C1C24 /* Saavn */ = {
			isa = PBXNativeTarget;
			buildConfigurationList = 56A2BE682B949940006C1C24 /* Build configuration list for PBXNativeTarget "Saavn" */;
			buildPhases = (
				56A2BE3A2B94993F006C1C24 /* Sources */,
				56A2BE3B2B94993F006C1C24 /* Frameworks */,
				56A2BE3C2B94993F006C1C24 /* Resources */,
			);
			buildRules = (
			);
			dependencies = (
			);
			name = Saavn;
			packageProductDependencies = (
				56A2BE762B949D5F006C1C24 /* SDWebImage */,
				56A2BE782B949D5F006C1C24 /* SDWebImageMapKit */,
			);
			productName = Saavn;
			productReference = 56A2BE3E2B94993F006C1C24 /* Saavn.app */;
			productType = "com.apple.product-type.application";
		};
		56A2BE532B949940006C1C24 /* SaavnTests */ = {
			isa = PBXNativeTarget;
			buildConfigurationList = 56A2BE6B2B949940006C1C24 /* Build configuration list for PBXNativeTarget "SaavnTests" */;
			buildPhases = (
				56A2BE502B949940006C1C24 /* Sources */,
				56A2BE512B949940006C1C24 /* Frameworks */,
				56A2BE522B949940006C1C24 /* Resources */,
			);
			buildRules = (
			);
			dependencies = (
				56A2BE562B949940006C1C24 /* PBXTargetDependency */,
			);
			name = SaavnTests;
			productName = SaavnTests;
			productReference = 56A2BE542B949940006C1C24 /* SaavnTests.xctest */;
			productType = "com.apple.product-type.bundle.unit-test";
		};
		56A2BE5D2B949940006C1C24 /* SaavnUITests */ = {
			isa = PBXNativeTarget;
			buildConfigurationList = 56A2BE6E2B949940006C1C24 /* Build configuration list for PBXNativeTarget "SaavnUITests" */;
			buildPhases = (
				56A2BE5A2B949940006C1C24 /* Sources */,
				56A2BE5B2B949940006C1C24 /* Frameworks */,
				56A2BE5C2B949940006C1C24 /* Resources */,
			);
			buildRules = (
			);
			dependencies = (
				56A2BE602B949940006C1C24 /* PBXTargetDependency */,
			);
			name = SaavnUITests;
			productName = SaavnUITests;
			productReference = 56A2BE5E2B949940006C1C24 /* SaavnUITests.xctest */;
			productType = "com.apple.product-type.bundle.ui-testing";
		};
/* End PBXNativeTarget section */

/* Begin PBXProject section */
		56A2BE362B94993F006C1C24 /* Project object */ = {
			isa = PBXProject;
			attributes = {
				BuildIndependentTargetsInParallel = 1;
				LastSwiftUpdateCheck = 1420;
				LastUpgradeCheck = 1420;
				TargetAttributes = {
					56A2BE3D2B94993F006C1C24 = {
						CreatedOnToolsVersion = 14.2;
					};
					56A2BE532B949940006C1C24 = {
						CreatedOnToolsVersion = 14.2;
						TestTargetID = 56A2BE3D2B94993F006C1C24;
					};
					56A2BE5D2B949940006C1C24 = {
						CreatedOnToolsVersion = 14.2;
						TestTargetID = 56A2BE3D2B94993F006C1C24;
					};
				};
			};
			buildConfigurationList = 56A2BE392B94993F006C1C24 /* Build configuration list for PBXProject "Saavn" */;
			compatibilityVersion = "Xcode 14.0";
			developmentRegion = en;
			hasScannedForEncodings = 0;
			knownRegions = (
				en,
				Base,
			);
			mainGroup = 56A2BE352B94993F006C1C24;
			packageReferences = (
				56A2BE752B949D5F006C1C24 /* XCRemoteSwiftPackageReference "SDWebImage" */,
			);
			productRefGroup = 56A2BE3F2B94993F006C1C24 /* Products */;
			projectDirPath = "";
			projectRoot = "";
			targets = (
				56A2BE3D2B94993F006C1C24 /* Saavn */,
				56A2BE532B949940006C1C24 /* SaavnTests */,
				56A2BE5D2B949940006C1C24 /* SaavnUITests */,
			);
		};
/* End PBXProject section */

/* Begin PBXResourcesBuildPhase section */
		56A2BE3C2B94993F006C1C24 /* Resources */ = {
			isa = PBXResourcesBuildPhase;
			buildActionMask = 2147483647;
			files = (
				56A2BE4E2B949940006C1C24 /* LaunchScreen.storyboard in Resources */,
				56A2BE4B2B949940006C1C24 /* Assets.xcassets in Resources */,
				56A2BE492B94993F006C1C24 /* Main.storyboard in Resources */,
			);
			runOnlyForDeploymentPostprocessing = 0;
		};
		56A2BE522B949940006C1C24 /* Resources */ = {
			isa = PBXResourcesBuildPhase;
			buildActionMask = 2147483647;
			files = (
			);
			runOnlyForDeploymentPostprocessing = 0;
		};
		56A2BE5C2B949940006C1C24 /* Resources */ = {
			isa = PBXResourcesBuildPhase;
			buildActionMask = 2147483647;
			files = (
			);
			runOnlyForDeploymentPostprocessing = 0;
		};
/* End PBXResourcesBuildPhase section */

/* Begin PBXSourcesBuildPhase section */
		56A2BE3A2B94993F006C1C24 /* Sources */ = {
			isa = PBXSourcesBuildPhase;
			buildActionMask = 2147483647;
			files = (
				56A2BE462B94993F006C1C24 /* ViewController.swift in Sources */,
				56A2BE722B949957006C1C24 /* ApiIntegration.swift in Sources */,
				56A2BE422B94993F006C1C24 /* AppDelegate.swift in Sources */,
				56A2BE442B94993F006C1C24 /* SceneDelegate.swift in Sources */,
				56A2BE742B94999D006C1C24 /* Album.swift in Sources */,
			);
			runOnlyForDeploymentPostprocessing = 0;
		};
		56A2BE502B949940006C1C24 /* Sources */ = {
			isa = PBXSourcesBuildPhase;
			buildActionMask = 2147483647;
			files = (
				56A2BE592B949940006C1C24 /* SaavnTests.swift in Sources */,
			);
			runOnlyForDeploymentPostprocessing = 0;
		};
		56A2BE5A2B949940006C1C24 /* Sources */ = {
			isa = PBXSourcesBuildPhase;
			buildActionMask = 2147483647;
			files = (
				56A2BE652B949940006C1C24 /* SaavnUITestsLaunchTests.swift in Sources */,
				56A2BE632B949940006C1C24 /* SaavnUITests.swift in Sources */,
			);
			runOnlyForDeploymentPostprocessing = 0;
		};
/* End PBXSourcesBuildPhase section */

/* Begin PBXTargetDependency section */
		56A2BE562B949940006C1C24 /* PBXTargetDependency */ = {
			isa = PBXTargetDependency;
			target = 56A2BE3D2B94993F006C1C24 /* Saavn */;
			targetProxy = 56A2BE552B949940006C1C24 /* PBXContainerItemProxy */;
		};
		56A2BE602B949940006C1C24 /* PBXTargetDependency */ = {
			isa = PBXTargetDependency;
			target = 56A2BE3D2B94993F006C1C24 /* Saavn */;
			targetProxy = 56A2BE5F2B949940006C1C24 /* PBXContainerItemProxy */;
		};
/* End PBXTargetDependency section */

/* Begin PBXVariantGroup section */
		56A2BE472B94993F006C1C24 /* Main.storyboard */ = {
			isa = PBXVariantGroup;
			children = (
				56A2BE482B94993F006C1C24 /* Base */,
			);
			name = Main.storyboard;
			sourceTree = "<group>";
		};
		56A2BE4C2B949940006C1C24 /* LaunchScreen.storyboard */ = {
			isa = PBXVariantGroup;
			children = (
				56A2BE4D2B949940006C1C24 /* Base */,
			);
			name = LaunchScreen.storyboard;
			sourceTree = "<group>";
		};
/* End PBXVariantGroup section */

/* Begin XCBuildConfiguration section */
		56A2BE662B949940006C1C24 /* Debug */ = {
			isa = XCBuildConfiguration;
			buildSettings = {
				ALWAYS_SEARCH_USER_PATHS = NO;
				CLANG_ANALYZER_NONNULL = YES;
				CLANG_ANALYZER_NUMBER_OBJECT_CONVERSION = YES_AGGRESSIVE;
				CLANG_CXX_LANGUAGE_STANDARD = "gnu++20";
				CLANG_ENABLE_MODULES = YES;
				CLANG_ENABLE_OBJC_ARC = YES;
				CLANG_ENABLE_OBJC_WEAK = YES;
				CLANG_WARN_BLOCK_CAPTURE_AUTORELEASING = YES;
				CLANG_WARN_BOOL_CONVERSION = YES;
				CLANG_WARN_COMMA = YES;
				CLANG_WARN_CONSTANT_CONVERSION = YES;
				CLANG_WARN_DEPRECATED_OBJC_IMPLEMENTATIONS = YES;
				CLANG_WARN_DIRECT_OBJC_ISA_USAGE = YES_ERROR;
				CLANG_WARN_DOCUMENTATION_COMMENTS = YES;
				CLANG_WARN_EMPTY_BODY = YES;
				CLANG_WARN_ENUM_CONVERSION = YES;
				CLANG_WARN_INFINITE_RECURSION = YES;
				CLANG_WARN_INT_CONVERSION = YES;
				CLANG_WARN_NON_LITERAL_NULL_CONVERSION = YES;
				CLANG_WARN_OBJC_IMPLICIT_RETAIN_SELF = YES;
				CLANG_WARN_OBJC_LITERAL_CONVERSION = YES;
				CLANG_WARN_OBJC_ROOT_CLASS = YES_ERROR;
				CLANG_WARN_QUOTED_INCLUDE_IN_FRAMEWORK_HEADER = YES;
				CLANG_WARN_RANGE_LOOP_ANALYSIS = YES;
				CLANG_WARN_STRICT_PROTOTYPES = YES;
				CLANG_WARN_SUSPICIOUS_MOVE = YES;
				CLANG_WARN_UNGUARDED_AVAILABILITY = YES_AGGRESSIVE;
				CLANG_WARN_UNREACHABLE_CODE = YES;
				CLANG_WARN__DUPLICATE_METHOD_MATCH = YES;
				COPY_PHASE_STRIP = NO;
				DEBUG_INFORMATION_FORMAT = dwarf;
				ENABLE_STRICT_OBJC_MSGSEND = YES;
				ENABLE_TESTABILITY = YES;
				GCC_C_LANGUAGE_STANDARD = gnu11;
				GCC_DYNAMIC_NO_PIC = NO;
				GCC_NO_COMMON_BLOCKS = YES;
				GCC_OPTIMIZATION_LEVEL = 0;
				GCC_PREPROCESSOR_DEFINITIONS = (
					"DEBUG=1",
					"$(inherited)",
				);
				GCC_WARN_64_TO_32_BIT_CONVERSION = YES;
				GCC_WARN_ABOUT_RETURN_TYPE = YES_ERROR;
				GCC_WARN_UNDECLARED_SELECTOR = YES;
				GCC_WARN_UNINITIALIZED_AUTOS = YES_AGGRESSIVE;
				GCC_WARN_UNUSED_FUNCTION = YES;
				GCC_WARN_UNUSED_VARIABLE = YES;
				IPHONEOS_DEPLOYMENT_TARGET = 16.2;
				MTL_ENABLE_DEBUG_INFO = INCLUDE_SOURCE;
				MTL_FAST_MATH = YES;
				ONLY_ACTIVE_ARCH = YES;
				SDKROOT = iphoneos;
				SWIFT_ACTIVE_COMPILATION_CONDITIONS = DEBUG;
				SWIFT_OPTIMIZATION_LEVEL = "-Onone";
			};
			name = Debug;
		};
		56A2BE672B949940006C1C24 /* Release */ = {
			isa = XCBuildConfiguration;
			buildSettings = {
				ALWAYS_SEARCH_USER_PATHS = NO;
				CLANG_ANALYZER_NONNULL = YES;
				CLANG_ANALYZER_NUMBER_OBJECT_CONVERSION = YES_AGGRESSIVE;
				CLANG_CXX_LANGUAGE_STANDARD = "gnu++20";
				CLANG_ENABLE_MODULES = YES;
				CLANG_ENABLE_OBJC_ARC = YES;
				CLANG_ENABLE_OBJC_WEAK = YES;
				CLANG_WARN_BLOCK_CAPTURE_AUTORELEASING = YES;
				CLANG_WARN_BOOL_CONVERSION = YES;
				CLANG_WARN_COMMA = YES;
				CLANG_WARN_CONSTANT_CONVERSION = YES;
				CLANG_WARN_DEPRECATED_OBJC_IMPLEMENTATIONS = YES;
				CLANG_WARN_DIRECT_OBJC_ISA_USAGE = YES_ERROR;
				CLANG_WARN_DOCUMENTATION_COMMENTS = YES;
				CLANG_WARN_EMPTY_BODY = YES;
				CLANG_WARN_ENUM_CONVERSION = YES;
				CLANG_WARN_INFINITE_RECURSION = YES;
				CLANG_WARN_INT_CONVERSION = YES;
				CLANG_WARN_NON_LITERAL_NULL_CONVERSION = YES;
				CLANG_WARN_OBJC_IMPLICIT_RETAIN_SELF = YES;
				CLANG_WARN_OBJC_LITERAL_CONVERSION = YES;
				CLANG_WARN_OBJC_ROOT_CLASS = YES_ERROR;
				CLANG_WARN_QUOTED_INCLUDE_IN_FRAMEWORK_HEADER = YES;
				CLANG_WARN_RANGE_LOOP_ANALYSIS = YES;
				CLANG_WARN_STRICT_PROTOTYPES = YES;
				CLANG_WARN_SUSPICIOUS_MOVE = YES;
				CLANG_WARN_UNGUARDED_AVAILABILITY = YES_AGGRESSIVE;
				CLANG_WARN_UNREACHABLE_CODE = YES;
				CLANG_WARN__DUPLICATE_METHOD_MATCH = YES;
				COPY_PHASE_STRIP = NO;
				DEBUG_INFORMATION_FORMAT = "dwarf-with-dsym";
				ENABLE_NS_ASSERTIONS = NO;
				ENABLE_STRICT_OBJC_MSGSEND = YES;
				GCC_C_LANGUAGE_STANDARD = gnu11;
				GCC_NO_COMMON_BLOCKS = YES;
				GCC_WARN_64_TO_32_BIT_CONVERSION = YES;
				GCC_WARN_ABOUT_RETURN_TYPE = YES_ERROR;
				GCC_WARN_UNDECLARED_SELECTOR = YES;
				GCC_WARN_UNINITIALIZED_AUTOS = YES_AGGRESSIVE;
				GCC_WARN_UNUSED_FUNCTION = YES;
				GCC_WARN_UNUSED_VARIABLE = YES;
				IPHONEOS_DEPLOYMENT_TARGET = 16.2;
				MTL_ENABLE_DEBUG_INFO = NO;
				MTL_FAST_MATH = YES;
				SDKROOT = iphoneos;
				SWIFT_COMPILATION_MODE = wholemodule;
				SWIFT_OPTIMIZATION_LEVEL = "-O";
				VALIDATE_PRODUCT = YES;
			};
			name = Release;
		};
		56A2BE692B949940006C1C24 /* Debug */ = {
			isa = XCBuildConfiguration;
			buildSettings = {
				ASSETCATALOG_COMPILER_APPICON_NAME = AppIcon;
				ASSETCATALOG_COMPILER_GLOBAL_ACCENT_COLOR_NAME = AccentColor;
				CODE_SIGN_STYLE = Automatic;
				CURRENT_PROJECT_VERSION = 1;
				GENERATE_INFOPLIST_FILE = YES;
				INFOPLIST_FILE = Saavn/Info.plist;
				INFOPLIST_KEY_UIApplicationSupportsIndirectInputEvents = YES;
				INFOPLIST_KEY_UILaunchStoryboardName = LaunchScreen;
				INFOPLIST_KEY_UIMainStoryboardFile = Main;
				INFOPLIST_KEY_UISupportedInterfaceOrientations_iPad = "UIInterfaceOrientationPortrait UIInterfaceOrientationPortraitUpsideDown UIInterfaceOrientationLandscapeLeft UIInterfaceOrientationLandscapeRight";
				INFOPLIST_KEY_UISupportedInterfaceOrientations_iPhone = "UIInterfaceOrientationPortrait UIInterfaceOrientationLandscapeLeft UIInterfaceOrientationLandscapeRight";
				LD_RUNPATH_SEARCH_PATHS = (
					"$(inherited)",
					"@executable_path/Frameworks",
				);
				MARKETING_VERSION = 1.0;
				PRODUCT_BUNDLE_IDENTIFIER = com.music.saavn.Saavn;
				PRODUCT_NAME = "$(TARGET_NAME)";
				SWIFT_EMIT_LOC_STRINGS = YES;
				SWIFT_VERSION = 5.0;
				TARGETED_DEVICE_FAMILY = "1,2";
			};
			name = Debug;
		};
		56A2BE6A2B949940006C1C24 /* Release */ = {
			isa = XCBuildConfiguration;
			buildSettings = {
				ASSETCATALOG_COMPILER_APPICON_NAME = AppIcon;
				ASSETCATALOG_COMPILER_GLOBAL_ACCENT_COLOR_NAME = AccentColor;
				CODE_SIGN_STYLE = Automatic;
				CURRENT_PROJECT_VERSION = 1;
				GENERATE_INFOPLIST_FILE = YES;
				INFOPLIST_FILE = Saavn/Info.plist;
				INFOPLIST_KEY_UIApplicationSupportsIndirectInputEvents = YES;
				INFOPLIST_KEY_UILaunchStoryboardName = LaunchScreen;
				INFOPLIST_KEY_UIMainStoryboardFile = Main;
				INFOPLIST_KEY_UISupportedInterfaceOrientations_iPad = "UIInterfaceOrientationPortrait UIInterfaceOrientationPortraitUpsideDown UIInterfaceOrientationLandscapeLeft UIInterfaceOrientationLandscapeRight";
				INFOPLIST_KEY_UISupportedInterfaceOrientations_iPhone = "UIInterfaceOrientationPortrait UIInterfaceOrientationLandscapeLeft UIInterfaceOrientationLandscapeRight";
				LD_RUNPATH_SEARCH_PATHS = (
					"$(inherited)",
					"@executable_path/Frameworks",
				);
				MARKETING_VERSION = 1.0;
				PRODUCT_BUNDLE_IDENTIFIER = com.music.saavn.Saavn;
				PRODUCT_NAME = "$(TARGET_NAME)";
				SWIFT_EMIT_LOC_STRINGS = YES;
				SWIFT_VERSION = 5.0;
				TARGETED_DEVICE_FAMILY = "1,2";
			};
			name = Release;
		};
		56A2BE6C2B949940006C1C24 /* Debug */ = {
			isa = XCBuildConfiguration;
			buildSettings = {
				ALWAYS_EMBED_SWIFT_STANDARD_LIBRARIES = YES;
				BUNDLE_LOADER = "$(TEST_HOST)";
				CODE_SIGN_STYLE = Automatic;
				CURRENT_PROJECT_VERSION = 1;
				GENERATE_INFOPLIST_FILE = YES;
				IPHONEOS_DEPLOYMENT_TARGET = 16.2;
				MARKETING_VERSION = 1.0;
				PRODUCT_BUNDLE_IDENTIFIER = com.music.saavn.SaavnTests;
				PRODUCT_NAME = "$(TARGET_NAME)";
				SWIFT_EMIT_LOC_STRINGS = NO;
				SWIFT_VERSION = 5.0;
				TARGETED_DEVICE_FAMILY = "1,2";
				TEST_HOST = "$(BUILT_PRODUCTS_DIR)/Saavn.app/$(BUNDLE_EXECUTABLE_FOLDER_PATH)/Saavn";
			};
			name = Debug;
		};
		56A2BE6D2B949940006C1C24 /* Release */ = {
			isa = XCBuildConfiguration;
			buildSettings = {
				ALWAYS_EMBED_SWIFT_STANDARD_LIBRARIES = YES;
				BUNDLE_LOADER = "$(TEST_HOST)";
				CODE_SIGN_STYLE = Automatic;
				CURRENT_PROJECT_VERSION = 1;
				GENERATE_INFOPLIST_FILE = YES;
				IPHONEOS_DEPLOYMENT_TARGET = 16.2;
				MARKETING_VERSION = 1.0;
				PRODUCT_BUNDLE_IDENTIFIER = com.music.saavn.SaavnTests;
				PRODUCT_NAME = "$(TARGET_NAME)";
				SWIFT_EMIT_LOC_STRINGS = NO;
				SWIFT_VERSION = 5.0;
				TARGETED_DEVICE_FAMILY = "1,2";
				TEST_HOST = "$(BUILT_PRODUCTS_DIR)/Saavn.app/$(BUNDLE_EXECUTABLE_FOLDER_PATH)/Saavn";
			};
			name = Release;
		};
		56A2BE6F2B949940006C1C24 /* Debug */ = {
			isa = XCBuildConfiguration;
			buildSettings = {
				ALWAYS_EMBED_SWIFT_STANDARD_LIBRARIES = YES;
				CODE_SIGN_STYLE = Automatic;
				CURRENT_PROJECT_VERSION = 1;
				GENERATE_INFOPLIST_FILE = YES;
				MARKETING_VERSION = 1.0;
				PRODUCT_BUNDLE_IDENTIFIER = com.music.saavn.SaavnUITests;
				PRODUCT_NAME = "$(TARGET_NAME)";
				SWIFT_EMIT_LOC_STRINGS = NO;
				SWIFT_VERSION = 5.0;
				TARGETED_DEVICE_FAMILY = "1,2";
				TEST_TARGET_NAME = Saavn;
			};
			name = Debug;
		};
		56A2BE702B949940006C1C24 /* Release */ = {
			isa = XCBuildConfiguration;
			buildSettings = {
				ALWAYS_EMBED_SWIFT_STANDARD_LIBRARIES = YES;
				CODE_SIGN_STYLE = Automatic;
				CURRENT_PROJECT_VERSION = 1;
				GENERATE_INFOPLIST_FILE = YES;
				MARKETING_VERSION = 1.0;
				PRODUCT_BUNDLE_IDENTIFIER = com.music.saavn.SaavnUITests;
				PRODUCT_NAME = "$(TARGET_NAME)";
				SWIFT_EMIT_LOC_STRINGS = NO;
				SWIFT_VERSION = 5.0;
				TARGETED_DEVICE_FAMILY = "1,2";
				TEST_TARGET_NAME = Saavn;
			};
			name = Release;
		};
/* End XCBuildConfiguration section */

/* Begin XCConfigurationList section */
		56A2BE392B94993F006C1C24 /* Build configuration list for PBXProject "Saavn" */ = {
			isa = XCConfigurationList;
			buildConfigurations = (
				56A2BE662B949940006C1C24 /* Debug */,
				56A2BE672B949940006C1C24 /* Release */,
			);
			defaultConfigurationIsVisible = 0;
			defaultConfigurationName = Release;
		};
		56A2BE682B949940006C1C24 /* Build configuration list for PBXNativeTarget "Saavn" */ = {
			isa = XCConfigurationList;
			buildConfigurations = (
				56A2BE692B949940006C1C24 /* Debug */,
				56A2BE6A2B949940006C1C24 /* Release */,
			);
			defaultConfigurationIsVisible = 0;
			defaultConfigurationName = Release;
		};
		56A2BE6B2B949940006C1C24 /* Build configuration list for PBXNativeTarget "SaavnTests" */ = {
			isa = XCConfigurationList;
			buildConfigurations = (
				56A2BE6C2B949940006C1C24 /* Debug */,
				56A2BE6D2B949940006C1C24 /* Release */,
			);
			defaultConfigurationIsVisible = 0;
			defaultConfigurationName = Release;
		};
		56A2BE6E2B949940006C1C24 /* Build configuration list for PBXNativeTarget "SaavnUITests" */ = {
			isa = XCConfigurationList;
			buildConfigurations = (
				56A2BE6F2B949940006C1C24 /* Debug */,
				56A2BE702B949940006C1C24 /* Release */,
			);
			defaultConfigurationIsVisible = 0;
			defaultConfigurationName = Release;
		};
/* End XCConfigurationList section */

/* Begin XCRemoteSwiftPackageReference section */
		56A2BE752B949D5F006C1C24 /* XCRemoteSwiftPackageReference "SDWebImage" */ = {
			isa = XCRemoteSwiftPackageReference;
			repositoryURL = "https://github.com/SDWebImage/SDWebImage.git";
			requirement = {
				branch = master;
				kind = branch;
			};
		};
/* End XCRemoteSwiftPackageReference section */

/* Begin XCSwiftPackageProductDependency section */
		56A2BE762B949D5F006C1C24 /* SDWebImage */ = {
			isa = XCSwiftPackageProductDependency;
			package = 56A2BE752B949D5F006C1C24 /* XCRemoteSwiftPackageReference "SDWebImage" */;
			productName = SDWebImage;
		};
		56A2BE782B949D5F006C1C24 /* SDWebImageMapKit */ = {
			isa = XCSwiftPackageProductDependency;
			package = 56A2BE752B949D5F006C1C24 /* XCRemoteSwiftPackageReference "SDWebImage" */;
			productName = SDWebImageMapKit;
		};
/* End XCSwiftPackageProductDependency section */
	};
	rootObject = 56A2BE362B94993F006C1C24 /* Project object */;
}
